
Microsoft Visual Studio Solution File, Format Version 12.00
# Visual Studio 15
VisualStudioVersion = 15.0.27004.2002
MinimumVisualStudioVersion = 10.0.40219.1
Project("{FAE04EC0-301F-11D3-BF4B-00C04F79EFBC}") = "DemoWebApp", "DemoWebApp\DemoWebApp.csproj", "{57D5F1D1-CCB4-4D82-9192-7E47330C7540}"
EndProject
Project("{FAE04EC0-301F-11D3-BF4B-00C04F79EFBC}") = "DemoWebApp.Tests", "DemoWebApp.Tests\DemoWebApp.Tests.csproj", "{66346096-916A-4A1D-95EB-F4B0D714145B}"
EndProject
Global
	GlobalSection(SolutionConfigurationPlatforms) = preSolution
		Debug|Any CPU = Debug|Any CPU
		Release|Any CPU = Release|Any CPU
	EndGlobalSection
	GlobalSection(ProjectConfigurationPlatforms) = postSolution
		{57D5F1D1-CCB4-4D82-9192-7E47330C7540}.Debug|Any CPU.ActiveCfg = Debug|Any CPU
		{57D5F1D1-CCB4-4D82-9192-7E47330C7540}.Debug|Any CPU.Build.0 = Debug|Any CPU
		{57D5F1D1-CCB4-4D82-9192-7E47330C7540}.Release|Any CPU.ActiveCfg = Release|Any CPU
		{57D5F1D1-CCB4-4D82-9192-7E47330C7540}.Release|Any CPU.Build.0 = Release|Any CPU
		{66346096-916A-4A1D-95EB-F4B0D714145B}.Debug|Any CPU.ActiveCfg = Debug|Any CPU
		{66346096-916A-4A1D-95EB-F4B0D714145B}.Debug|Any CPU.Build.0 = Debug|Any CPU
		{66346096-916A-4A1D-95EB-F4B0D714145B}.Release|Any CPU.ActiveCfg = Release|Any CPU
		{66346096-916A-4A1D-95EB-F4B0D714145B}.Release|Any CPU.Build.0 = Release|Any CPU
	EndGlobalSection
	GlobalSection(SolutionProperties) = preSolution
		HideSolutionNode = FALSE
	EndGlobalSection
	GlobalSection(ExtensibilityGlobals) = postSolution
		SolutionGuid = {00AEA42F-42F9-4D72-9F1D-849E7FCB868C}
	EndGlobalSection
EndGlobal
